<?xml version="1.0" encoding="UTF-8" standalone="yes" ?>
<CodeBlocks_project_file>
	<FileVersion major="1" minor="6" />
	<Project>
		<Option title="SmBrkSvr" />
		<Option pch_mode="2" />
		<Option compiler="gcc" />
		<Build>
			<Target title="Debug">
				<Option output="bin/Debug/SmBrkSvr" prefix_auto="1" extension_auto="1" />
				<Option object_output="obj/Debug/" />
				<Option type="1" />
				<Option compiler="gcc" />
				<Compiler>
					<Add option="-g" />
					<Add directory="Inc" />
				</Compiler>
			</Target>
			<Target title="Release">
				<Option output="bin/Release/SmBrkSvr" prefix_auto="1" extension_auto="1" />
				<Option object_output="obj/Release/" />
				<Option type="1" />
				<Option compiler="gcc" />
				<Compiler>
					<Add option="-O2" />
					<Add directory="Inc" />
				</Compiler>
				<Linker>
					<Add option="-s" />
				</Linker>
			</Target>
		</Build>
		<Compiler>
			<Add option="-Wall" />
			<Add option="-fexceptions" />
			<Add directory="Inc" />
			<Add directory="../build/release-install/include" />
		</Compiler>
		<Linker>
			<Add library="muduo_inspect" />
			<Add library="muduo_http" />
			<Add library="muduo_net" />
			<Add library="muduo_base" />
			<Add library="pthread" />
			<Add directory="../build/release-install/lib" />
		</Linker>
		<Unit filename="ConnMan.cpp" />
		<Unit filename="Inc/ConnMan.h" />
		<Unit filename="Inc/commons.h" />
		<Unit filename="Inc/gconf.h" />
		<Unit filename="Inc/readconf.h" />
		<Unit filename="Inc/zecodec.h" />
		<Unit filename="SmBrkrS.cpp" />
		<Unit filename="commons.cpp" />
		<Unit filename="gconf.cpp" />
		<Unit filename="main.cpp" />
		<Unit filename="readconf.cpp" />
		<Extensions>
			<envvars />
			<code_completion />
			<lib_finder disable_auto="1" />
			<debugger />
		</Extensions>
	</Project>
</CodeBlocks_project_file>
